
Microsoft Visual Studio Solution File, Format Version 12.00
# Visual Studio Version 16
VisualStudioVersion = 16.0.29509.3
MinimumVisualStudioVersion = 10.0.40219.1
Project("{FAE04EC0-301F-11D3-BF4B-00C04F79EFBC}") = "TestApplication1", "TestApplication1\TestApplication1.csproj", "{A96EDD48-E3C5-4DE6-9343-77EBB387E5B2}"
EndProject
Global
	GlobalSection(SolutionConfigurationPlatforms) = preSolution
		Debug|Any CPU = Debug|Any CPU
		Release|Any CPU = Release|Any CPU
	EndGlobalSection
	GlobalSection(ProjectConfigurationPlatforms) = postSolution
		{A96EDD48-E3C5-4DE6-9343-77EBB387E5B2}.Debug|Any CPU.ActiveCfg = Debug|Any CPU
		{A96EDD48-E3C5-4DE6-9343-77EBB387E5B2}.Debug|Any CPU.Build.0 = Debug|Any CPU
		{A96EDD48-E3C5-4DE6-9343-77EBB387E5B2}.Release|Any CPU.ActiveCfg = Release|Any CPU
		{A96EDD48-E3C5-4DE6-9343-77EBB387E5B2}.Release|Any CPU.Build.0 = Release|Any CPU
	EndGlobalSection
	GlobalSection(SolutionProperties) = preSolution
		HideSolutionNode = FALSE
	EndGlobalSection
	GlobalSection(ExtensibilityGlobals) = postSolution
		SolutionGuid = {D8C4EB13-AC5A-48DF-BAA9-90575C37F232}
	EndGlobalSection
EndGlobal
